
Microsoft Visual Studio Solution File, Format Version 12.00
# Visual Studio Version 16
VisualStudioVersion = 16.0.30128.74
MinimumVisualStudioVersion = 10.0.40219.1
Project("{9A19103F-16F7-4668-BE54-9A1E7A4F7556}") = "PatchElf", "projects\PatchElf\PatchElf.csproj", "{10E11FAF-E076-4951-AA2F-BDCB8077A89D}"
EndProject
Project("{9A19103F-16F7-4668-BE54-9A1E7A4F7556}") = "Gibbed.IO", "projects\Gibbed.IO\Gibbed.IO.csproj", "{047857BA-DAA3-4CA7-AFB8-A1B082B28C6A}"
EndProject
Project("{9A19103F-16F7-4668-BE54-9A1E7A4F7556}") = "NDesk.Options", "projects\NDesk.Options\NDesk.Options.csproj", "{C98A6CD6-9422-4B35-8B7A-F520D75534D1}"
EndProject
Project("{9A19103F-16F7-4668-BE54-9A1E7A4F7556}") = "MakeStringBin", "projects\MakeStringBin\MakeStringBin.csproj", "{10792834-C7F4-4A49-A112-92181DF2DEE4}"
EndProject
Global
	GlobalSection(SolutionConfigurationPlatforms) = preSolution
		Debug|Any CPU = Debug|Any CPU
		Release|Any CPU = Release|Any CPU
	EndGlobalSection
	GlobalSection(ProjectConfigurationPlatforms) = postSolution
		{10E11FAF-E076-4951-AA2F-BDCB8077A89D}.Debug|Any CPU.ActiveCfg = Debug|Any CPU
		{10E11FAF-E076-4951-AA2F-BDCB8077A89D}.Debug|Any CPU.Build.0 = Debug|Any CPU
		{10E11FAF-E076-4951-AA2F-BDCB8077A89D}.Release|Any CPU.ActiveCfg = Release|Any CPU
		{10E11FAF-E076-4951-AA2F-BDCB8077A89D}.Release|Any CPU.Build.0 = Release|Any CPU
		{047857BA-DAA3-4CA7-AFB8-A1B082B28C6A}.Debug|Any CPU.ActiveCfg = Debug|Any CPU
		{047857BA-DAA3-4CA7-AFB8-A1B082B28C6A}.Debug|Any CPU.Build.0 = Debug|Any CPU
		{047857BA-DAA3-4CA7-AFB8-A1B082B28C6A}.Release|Any CPU.ActiveCfg = Release|Any CPU
		{047857BA-DAA3-4CA7-AFB8-A1B082B28C6A}.Release|Any CPU.Build.0 = Release|Any CPU
		{C98A6CD6-9422-4B35-8B7A-F520D75534D1}.Debug|Any CPU.ActiveCfg = Debug|Any CPU
		{C98A6CD6-9422-4B35-8B7A-F520D75534D1}.Debug|Any CPU.Build.0 = Debug|Any CPU
		{C98A6CD6-9422-4B35-8B7A-F520D75534D1}.Release|Any CPU.ActiveCfg = Release|Any CPU
		{C98A6CD6-9422-4B35-8B7A-F520D75534D1}.Release|Any CPU.Build.0 = Release|Any CPU
		{10792834-C7F4-4A49-A112-92181DF2DEE4}.Debug|Any CPU.ActiveCfg = Debug|Any CPU
		{10792834-C7F4-4A49-A112-92181DF2DEE4}.Debug|Any CPU.Build.0 = Debug|Any CPU
		{10792834-C7F4-4A49-A112-92181DF2DEE4}.Release|Any CPU.ActiveCfg = Release|Any CPU
		{10792834-C7F4-4A49-A112-92181DF2DEE4}.Release|Any CPU.Build.0 = Release|Any CPU
	EndGlobalSection
	GlobalSection(SolutionProperties) = preSolution
		HideSolutionNode = FALSE
	EndGlobalSection
	GlobalSection(ExtensibilityGlobals) = postSolution
		SolutionGuid = {610EAC3D-095A-4259-9BEF-B6E8EF8F4C08}
	EndGlobalSection
EndGlobal
